# THIS IS AN AUTOGENERATED FILE. DO NOT EDIT THIS FILE DIRECTLY.
# yarn lockfile v1


"@moonrepo/cli@^1.21.4":
  version "1.21.4"
  resolved "https://registry.yarnpkg.com/@moonrepo/cli/-/cli-1.21.4.tgz#60db6c02ff85a9b6a4e6bc4606f3b98398f0014e"
  integrity sha512-ZiMDME62X1q73uoQnEXmZD1uZhCeUPRKXI1msyFvpabyAmIbe1zX6Z/+HBS0QcRONRf1UdsQiVBbbhmzzg+tzA==
  dependencies:
    detect-libc "^2.0.2"
  optionalDependencies:
    "@moonrepo/core-linux-arm64-gnu" "1.21.4"
    "@moonrepo/core-linux-arm64-musl" "1.21.4"
    "@moonrepo/core-linux-x64-gnu" "1.21.4"
    "@moonrepo/core-linux-x64-musl" "1.21.4"
    "@moonrepo/core-macos-arm64" "1.21.4"
    "@moonrepo/core-macos-x64" "1.21.4"
    "@moonrepo/core-windows-x64-msvc" "1.21.4"

"@moonrepo/core-linux-arm64-gnu@1.21.4":
  version "1.21.4"
  resolved "https://registry.yarnpkg.com/@moonrepo/core-linux-arm64-gnu/-/core-linux-arm64-gnu-1.21.4.tgz#61f333b6b0e651fc8c2c3190c55e0ed9519fc124"
  integrity sha512-oLjeg0xPRdLv819RFsVleWTzHF5xPtTPQ16yIux0+eMmOhBZ5YXYW35g1S6gM7nlMBNL3M6Er9OIRWfizVaB0Q==

"@moonrepo/core-linux-arm64-musl@1.21.4":
  version "1.21.4"
  resolved "https://registry.yarnpkg.com/@moonrepo/core-linux-arm64-musl/-/core-linux-arm64-musl-1.21.4.tgz#d9f451e9a52ef2bd32fb7f9b5163a229cb595fca"
  integrity sha512-LGVF3kCt3sUorZy8yBoWB+gsIy6fvEs+PGdh8yFucWvgRbe0AP7+zbkZszNQH122Lvd4kZRqhV1aicSaMmhnUw==

"@moonrepo/core-linux-x64-gnu@1.21.4":
  version "1.21.4"
  resolved "https://registry.yarnpkg.com/@moonrepo/core-linux-x64-gnu/-/core-linux-x64-gnu-1.21.4.tgz#c65060e8be92dd8078153179aa8e85e267d7bc35"
  integrity sha512-D6opSDzKzIwem9IdFf9b/e5IOqWdQCD22tzGxqOowDBP1HnoBceQRFFG36tl24Rk6sqkwlWWTQCFTD9Zenn4CA==

"@moonrepo/core-linux-x64-musl@1.21.4":
  version "1.21.4"
  resolved "https://registry.yarnpkg.com/@moonrepo/core-linux-x64-musl/-/core-linux-x64-musl-1.21.4.tgz#2b766e6daa3bc3ae35a9a7aa30e9860d9c256921"
  integrity sha512-P46xVm+FGYGcOGWBLRNACgJoDUh65jC9iRIhT5/b10nBBA8sxHOB6nSn7v+eW+mAQjkNnTQiqev6z12IWlWnzg==

"@moonrepo/core-macos-arm64@1.21.4":
  version "1.21.4"
  resolved "https://registry.yarnpkg.com/@moonrepo/core-macos-arm64/-/core-macos-arm64-1.21.4.tgz#fe33705278815b53b117718f9fd2cd1e505ade39"
  integrity sha512-AUmv6ctaWsGA2Ne5+9BII+4dLZ5RZEVWa71ATU9nyW5eCUzX8RK/lZMXqk4ld2qvT/biVhUHsV+WFG9BBygRrA==

"@moonrepo/core-macos-x64@1.21.4":
  version "1.21.4"
  resolved "https://registry.yarnpkg.com/@moonrepo/core-macos-x64/-/core-macos-x64-1.21.4.tgz#9ea21a19dc92444a149c24d49cd2a966e8a1b9dc"
  integrity sha512-KfPOIQyafLbNZTrbUyYdFhEp0Rq/QXDtMoBbtK64/88g8kQFcp3hagMJdescrw7ZltflaVT7kmFd0KTo+8kGow==

"@moonrepo/core-windows-x64-msvc@1.21.4":
  version "1.21.4"
  resolved "https://registry.yarnpkg.com/@moonrepo/core-windows-x64-msvc/-/core-windows-x64-msvc-1.21.4.tgz#0159c16a32b5e3660728824a4eda7da751256102"
  integrity sha512-dyh7lVe3dXa2UHyR8++cNbBb9rjw/xQlDrXuNs8VdYXKLWv6XdXLQB35iwyZDlWuV0mRgvfW2PerRJm89qNVRw==

detect-libc@^2.0.2:
  version "2.0.2"
  resolved "https://registry.yarnpkg.com/detect-libc/-/detect-libc-2.0.2.tgz#8ccf2ba9315350e1241b88d0ac3b0e1fbd99605d"
  integrity sha512-UX6sGumvvqSaXgdKGUsgZWqcUyIXZ/vZTrlRT/iobiKhGL0zL4d3osHj3uqllWJK+i+sixDS/3COVEOFbupFyw==
